
Microsoft Visual Studio Solution File, Format Version 12.00
# Visual Studio 15
Project("{2150E333-8FDC-42A3-9474-1A3956D46DE8}") = "Solution Items", "Solution Items", "{F2385DE0-0BC5-4D0D-84E7-9985251500BC}"
	ProjectSection(SolutionItems) = preProject
		style.css = style.css
		script.js = script.js
		index.html = index.html
		weatherbg.jpg = weatherbg.jpg
	EndProjectSection
EndProject
Global
	GlobalSection(SolutionConfigurationPlatforms) = preSolution
	EndGlobalSection
	GlobalSection(ProjectConfigurationPlatforms) = postSolution
	EndGlobalSection
EndGlobal
